# THIS IS AN AUTOGENERATED FILE. DO NOT EDIT THIS FILE DIRECTLY.
# yarn lockfile v1


"@aws-sdk/abort-controller@^0.1.0-preview.7":
  "integrity" "sha512-UpAa0PQ4u1UdDYPU9ajO/vzfmSn3rTMjXQjlsd0Ue4oK/A2lffNN28+egMVuS+Ivs96pv1HAfA4t4tPw+U6wjA=="
  "resolved" "https://registry.npmjs.org/@aws-sdk/abort-controller/-/abort-controller-0.1.0-preview.7.tgz"
  "version" "0.1.0-preview.7"
  dependencies:
    "@aws-sdk/types" "^0.1.0-preview.7"
    "tslib" "^1.8.0"

"@aws-sdk/apply-body-checksum-middleware@^0.1.0-preview.4":
  "integrity" "sha512-UoK128Kum26NYuOfnG1vVjfFfYBy7m8bIkBYlORwrGYLHawUwaxan8MTCrk4P/XSlYm0NsyAicAVDvAeGWSZXA=="
  "resolved" "https://registry.npmjs.org/@aws-sdk/apply-body-checksum-middleware/-/apply-body-checksum-middleware-0.1.0-preview.8.tgz"
  "version" "0.1.0-preview.8"
  dependencies:
    "@aws-sdk/is-array-buffer" "^0.1.0-preview.3"
    "@aws-sdk/types" "^0.1.0-preview.7"
    "tslib" "^1.8.0"

"@aws-sdk/bucket-endpoint-middleware@^0.1.0-preview.4":
  "integrity" "sha512-XUrR/fKADNTXgW5wfp0U2K2WD+4NiY/njne7rR0YTNZHE0eWD0q0YvRx4LXj6HFraAUqZ8liPG2k/BjzdT8M0Q=="
  "resolved" "https://registry.npmjs.org/@aws-sdk/bucket-endpoint-middleware/-/bucket-endpoint-middleware-0.1.0-preview.7.tgz"
  "version" "0.1.0-preview.7"
  dependencies:
    "@aws-sdk/types" "^0.1.0-preview.7"
    "tslib" "^1.8.0"

"@aws-sdk/client-s3-node@^0.1.0-preview.2":
  "integrity" "sha512-sQj8KnijskzIijl/ETJpoygcN4o0AKBtZtXp6eiJjhLZf1RAX33Bd1QzSgScfElY/XVAMgntzWWvBm8VhUu+cQ=="
  "resolved" "https://registry.npmjs.org/@aws-sdk/client-s3-node/-/client-s3-node-0.1.0-preview.2.tgz"
  "version" "0.1.0-preview.2"
  dependencies:
    "@aws-sdk/apply-body-checksum-middleware" "^0.1.0-preview.4"
    "@aws-sdk/bucket-endpoint-middleware" "^0.1.0-preview.4"
    "@aws-sdk/config-resolver" "^0.1.0-preview.4"
    "@aws-sdk/core-handler" "^0.1.0-preview.4"
    "@aws-sdk/credential-provider-node" "^0.1.0-preview.5"
    "@aws-sdk/hash-node" "^0.1.0-preview.4"
    "@aws-sdk/hash-stream-node" "^0.1.0-preview.5"
    "@aws-sdk/location-constraint-middleware" "^0.1.0-preview.4"
    "@aws-sdk/middleware-content-length" "^0.1.0-preview.4"
    "@aws-sdk/middleware-expect-continue" "^0.1.0-preview.4"
    "@aws-sdk/middleware-header-default" "^0.1.0-preview.4"
    "@aws-sdk/middleware-serializer" "^0.1.0-preview.4"
    "@aws-sdk/middleware-stack" "^0.1.0-preview.5"
    "@aws-sdk/node-http-handler" "^0.1.0-preview.5"
    "@aws-sdk/protocol-rest" "^0.1.0-preview.6"
    "@aws-sdk/query-error-unmarshaller" "^0.1.0-preview.5"
    "@aws-sdk/region-provider" "^0.1.0-preview.4"
    "@aws-sdk/retry-middleware" "^0.1.0-preview.4"
    "@aws-sdk/s3-error-unmarshaller" "^0.1.0-preview.2"
    "@aws-sdk/signature-v4" "^0.1.0-preview.5"
    "@aws-sdk/signing-middleware" "^0.1.0-preview.5"
    "@aws-sdk/ssec-middleware" "^0.1.0-preview.4"
    "@aws-sdk/stream-collector-node" "^0.1.0-preview.4"
    "@aws-sdk/types" "^0.1.0-preview.4"
    "@aws-sdk/url-parser-node" "^0.1.0-preview.4"
    "@aws-sdk/util-base64-node" "^0.1.0-preview.2"
    "@aws-sdk/util-body-length-node" "^0.1.0-preview.3"
    "@aws-sdk/util-user-agent-node" "^0.1.0-preview.5"
    "@aws-sdk/util-utf8-node" "^0.1.0-preview.2"
    "@aws-sdk/xml-body-builder" "^0.1.0-preview.4"
    "@aws-sdk/xml-body-parser" "^0.1.0-preview.5"
    "tslib" "^1.8.0"

"@aws-sdk/config-resolver@^0.1.0-preview.4":
  "integrity" "sha512-clP/NFkGyIJzCPPZ9y9vc4rQD2O8euuEVtYDlHNPfe+791uo43I1/qhw20v31mPY1OH0dScf5Jn/n4Ed9YO1VA=="
  "resolved" "https://registry.npmjs.org/@aws-sdk/config-resolver/-/config-resolver-0.1.0-preview.7.tgz"
  "version" "0.1.0-preview.7"
  dependencies:
    "@aws-sdk/types" "^0.1.0-preview.7"
    "tslib" "^1.8.0"

"@aws-sdk/core-handler@^0.1.0-preview.4":
  "integrity" "sha512-F+BAYmcPGbbK2w6Y9i4RgK9f8ojUuQKoZuFCxiYoujLGoak/p81gACTz3dQyV9/NiY46EvmdpyaGQeLtpfuriQ=="
  "resolved" "https://registry.npmjs.org/@aws-sdk/core-handler/-/core-handler-0.1.0-preview.7.tgz"
  "version" "0.1.0-preview.7"
  dependencies:
    "@aws-sdk/types" "^0.1.0-preview.7"
    "tslib" "^1.8.0"

"@aws-sdk/credential-provider-env@^0.1.0-preview.8":
  "integrity" "sha512-wW2XRalzx8jAIsVSdOM4cDP3hgbvPy6UJhQwpn9N3kfb22G5FPEry6hlJKHAVzQ15tkTNd0C6SyRlXgC5zEzmA=="
  "resolved" "https://registry.npmjs.org/@aws-sdk/credential-provider-env/-/credential-provider-env-0.1.0-preview.8.tgz"
  "version" "0.1.0-preview.8"
  dependencies:
    "@aws-sdk/property-provider" "^0.1.0-preview.7"
    "@aws-sdk/protocol-timestamp" "^0.1.0-preview.7"
    "@aws-sdk/types" "^0.1.0-preview.7"
    "tslib" "^1.8.0"

"@aws-sdk/credential-provider-imds@^0.1.0-preview.8":
  "integrity" "sha512-l6qudUcrpfG8wGOCyOea1oZ42AF+m0h27m/BDvWA8KIclW6XjfJ0TAcQWNVYbDX91sBx3YWidqlNBuzs/bZfKw=="
  "resolved" "https://registry.npmjs.org/@aws-sdk/credential-provider-imds/-/credential-provider-imds-0.1.0-preview.8.tgz"
  "version" "0.1.0-preview.8"
  dependencies:
    "@aws-sdk/property-provider" "^0.1.0-preview.7"
    "@aws-sdk/types" "^0.1.0-preview.7"
    "tslib" "^1.8.0"

"@aws-sdk/credential-provider-ini@^0.1.0-preview.7":
  "integrity" "sha512-iIVGZonHwy08RJgW9AZURKAbRTcBtwZw9wWSkO1YgtFVKYHH81E+C/k3o9ljCD9TK+XfvB2dv5alPkS71EufIQ=="
  "resolved" "https://registry.npmjs.org/@aws-sdk/credential-provider-ini/-/credential-provider-ini-0.1.0-preview.7.tgz"
  "version" "0.1.0-preview.7"
  dependencies:
    "@aws-sdk/property-provider" "^0.1.0-preview.7"
    "@aws-sdk/shared-ini-file-loader" "^0.1.0-preview.3"
    "@aws-sdk/types" "^0.1.0-preview.7"
    "tslib" "^1.8.0"

"@aws-sdk/credential-provider-node@^0.1.0-preview.5":
  "integrity" "sha512-UWw89x1kCTiawc2MWYjavChk1bwy4dlp8WZyYeM/a4MqYacXPbcIOXEDVVL72PpCOqtxk0/RXnkLO2b7sUI0vg=="
  "resolved" "https://registry.npmjs.org/@aws-sdk/credential-provider-node/-/credential-provider-node-0.1.0-preview.10.tgz"
  "version" "0.1.0-preview.10"
  dependencies:
    "@aws-sdk/credential-provider-env" "^0.1.0-preview.8"
    "@aws-sdk/credential-provider-imds" "^0.1.0-preview.8"
    "@aws-sdk/credential-provider-ini" "^0.1.0-preview.7"
    "@aws-sdk/credential-provider-process" "^0.1.0-preview.5"
    "@aws-sdk/property-provider" "^0.1.0-preview.7"
    "@aws-sdk/types" "^0.1.0-preview.7"
    "tslib" "^1.8.0"

"@aws-sdk/credential-provider-process@^0.1.0-preview.5":
  "integrity" "sha512-OIBmuaul/aF3w3oCc1zIw+jE5tlhacrhCD/LXf0DornF8Bfp4oaYA5qJ4Lttu/Q25s2qW5+YEuFlDsnqpIQUyw=="
  "resolved" "https://registry.npmjs.org/@aws-sdk/credential-provider-process/-/credential-provider-process-0.1.0-preview.5.tgz"
  "version" "0.1.0-preview.5"
  dependencies:
    "@aws-sdk/credential-provider-ini" "^0.1.0-preview.7"
    "@aws-sdk/property-provider" "^0.1.0-preview.7"
    "@aws-sdk/shared-ini-file-loader" "^0.1.0-preview.3"
    "@aws-sdk/types" "^0.1.0-preview.7"
    "tslib" "^1.8.0"

"@aws-sdk/hash-node@^0.1.0-preview.4":
  "integrity" "sha512-tYBKE5ggAfw7oCLj3/jVJomruUMXhFOL+yH7xnKbgEjCi2m/jsSClCwjUbco2d5eFeC75t74RsFuyCREm9o+nw=="
  "resolved" "https://registry.npmjs.org/@aws-sdk/hash-node/-/hash-node-0.1.0-preview.8.tgz"
  "version" "0.1.0-preview.8"
  dependencies:
    "@aws-sdk/types" "^0.1.0-preview.7"
    "@aws-sdk/util-buffer-from" "^0.1.0-preview.3"
    "tslib" "^1.8.0"

"@aws-sdk/hash-stream-node@^0.1.0-preview.5":
  "integrity" "sha512-XV8vQgwrDV7VGoL94ry/HZsaw4wA6NDKynpsctr4yQfgWy3hunrMunngnIs3jybBlkyCuhmw2SssjEjSugpvFg=="
  "resolved" "https://registry.npmjs.org/@aws-sdk/hash-stream-node/-/hash-stream-node-0.1.0-preview.9.tgz"
  "version" "0.1.0-preview.9"
  dependencies:
    "@aws-sdk/types" "^0.1.0-preview.7"
    "tslib" "^1.8.0"

"@aws-sdk/is-array-buffer@^0.1.0-preview.3":
  "integrity" "sha512-8SM7kBGkwH6JCKA6K1w4Jrj+EABFOPQkbPvwaf6BILYiUMUbgJvjOPjNQE2MrvRxJz50WAcZDHnlwhstuwIRnw=="
  "resolved" "https://registry.npmjs.org/@aws-sdk/is-array-buffer/-/is-array-buffer-0.1.0-preview.3.tgz"
  "version" "0.1.0-preview.3"
  dependencies:
    "tslib" "^1.8.0"

"@aws-sdk/is-iterable@^0.1.0-preview.3":
  "integrity" "sha512-dmqXKd7BlAGAaOz1dvmBw5MeOy/94LOxIRv4i8I76JPyTJsxFKjzJIHeRMnQ/5WJ3/POhmb6ZjBW/GwS/upaFw=="
  "resolved" "https://registry.npmjs.org/@aws-sdk/is-iterable/-/is-iterable-0.1.0-preview.3.tgz"
  "version" "0.1.0-preview.3"
  dependencies:
    "tslib" "^1.8.0"

"@aws-sdk/location-constraint-middleware@^0.1.0-preview.4":
  "integrity" "sha512-K7EZ77oSVqyrTDZKJ8OQ7m1/EAEoRFUknE0HsiTRImhRHqxPhR+sP6brWU+gdywgYbDVaXJox30GUMNAOqhs9Q=="
  "resolved" "https://registry.npmjs.org/@aws-sdk/location-constraint-middleware/-/location-constraint-middleware-0.1.0-preview.7.tgz"
  "version" "0.1.0-preview.7"
  dependencies:
    "@aws-sdk/types" "^0.1.0-preview.7"
    "tslib" "^1.8.0"

"@aws-sdk/middleware-content-length@^0.1.0-preview.4":
  "integrity" "sha512-6ZI+dY8VgWmKL48tBtFGFgllwdhKgqNztscLtYPmHl38zrz4sITJnyGwbYDGLW+xLIGDOQhyFd/6kWTqT9QyKQ=="
  "resolved" "https://registry.npmjs.org/@aws-sdk/middleware-content-length/-/middleware-content-length-0.1.0-preview.7.tgz"
  "version" "0.1.0-preview.7"
  dependencies:
    "@aws-sdk/types" "^0.1.0-preview.7"
    "tslib" "^1.8.0"

"@aws-sdk/middleware-expect-continue@^0.1.0-preview.4":
  "integrity" "sha512-+aWGX+pwNys/a2ysFOdjmyP0iSSrmaJO2JkcvO8wjaJ6CLFqjnP7W9YN5HSEr8C+AGHN4z3Pg+W4xLNWCyzjZg=="
  "resolved" "https://registry.npmjs.org/@aws-sdk/middleware-expect-continue/-/middleware-expect-continue-0.1.0-preview.8.tgz"
  "version" "0.1.0-preview.8"
  dependencies:
    "@aws-sdk/middleware-header-default" "^0.1.0-preview.7"
    "@aws-sdk/types" "^0.1.0-preview.7"
    "tslib" "^1.8.0"

"@aws-sdk/middleware-header-default@^0.1.0-preview.4", "@aws-sdk/middleware-header-default@^0.1.0-preview.7":
  "integrity" "sha512-hf7+YMiPnyzRKzmcZZ5v2NKkC6CKgo8nnckJ1A1OlvWYGq3hLMF1gKDMzdkEFjWJmDWv6AVNyHjw5qe4AV8LVA=="
  "resolved" "https://registry.npmjs.org/@aws-sdk/middleware-header-default/-/middleware-header-default-0.1.0-preview.7.tgz"
  "version" "0.1.0-preview.7"
  dependencies:
    "@aws-sdk/types" "^0.1.0-preview.7"
    "tslib" "^1.8.0"

"@aws-sdk/middleware-serializer@^0.1.0-preview.4":
  "integrity" "sha512-mc5xBnrdDM9k3a78cbTSw+VWTadpDQQBObSuAy4fCxrkPZa+APqRY+y9MMDQ0uWI80e6Ab1pt9wTx1/OM1uMWQ=="
  "resolved" "https://registry.npmjs.org/@aws-sdk/middleware-serializer/-/middleware-serializer-0.1.0-preview.7.tgz"
  "version" "0.1.0-preview.7"
  dependencies:
    "@aws-sdk/types" "^0.1.0-preview.7"
    "tslib" "^1.8.0"

"@aws-sdk/middleware-stack@^0.1.0-preview.5":
  "integrity" "sha512-UZPTIUL8df6bxhoRFmbE278mR5VkBgUakZ+g0+W7QP7yk7yOcA/PSNAoUQMXmyncTfrv9PS2RqByIqBGJ9nHRw=="
  "resolved" "https://registry.npmjs.org/@aws-sdk/middleware-stack/-/middleware-stack-0.1.0-preview.9.tgz"
  "version" "0.1.0-preview.9"
  dependencies:
    "@aws-sdk/types" "^0.1.0-preview.7"
    "tslib" "^1.8.0"

"@aws-sdk/node-http-handler@^0.1.0-preview.5":
  "integrity" "sha512-D3hISgch64L2rG8RQDi361ywoSgsyH/5Yj4ZF05ZCo8UZ8TjU1CtiLPKy1is0XLqojhLlDAQ65lNna44xoArcw=="
  "resolved" "https://registry.npmjs.org/@aws-sdk/node-http-handler/-/node-http-handler-0.1.0-preview.8.tgz"
  "version" "0.1.0-preview.8"
  dependencies:
    "@aws-sdk/abort-controller" "^0.1.0-preview.7"
    "@aws-sdk/querystring-builder" "^0.1.0-preview.7"
    "@aws-sdk/types" "^0.1.0-preview.7"
    "tslib" "^1.8.0"

"@aws-sdk/property-provider@^0.1.0-preview.7":
  "integrity" "sha512-8yKkR78XC3fvdd+ePohfLuZHKBL7e3k+t82JL775phiXO94WHiz/hlvm6tGhNz5zKzz72yLrJPCyoQAZLrxrTg=="
  "resolved" "https://registry.npmjs.org/@aws-sdk/property-provider/-/property-provider-0.1.0-preview.7.tgz"
  "version" "0.1.0-preview.7"
  dependencies:
    "@aws-sdk/types" "^0.1.0-preview.7"
    "tslib" "^1.8.0"

"@aws-sdk/protocol-rest@^0.1.0-preview.6":
  "integrity" "sha512-wzQV8h+rxWOOKkpwZpgx/glPz2mrH3nGZG7JyqxzEdveRmCMKSS27tqTc2XGlf8x1lGfTBZVg3XTWYrPTBHvlw=="
  "resolved" "https://registry.npmjs.org/@aws-sdk/protocol-rest/-/protocol-rest-0.1.0-preview.10.tgz"
  "version" "0.1.0-preview.10"
  dependencies:
    "@aws-sdk/is-array-buffer" "^0.1.0-preview.3"
    "@aws-sdk/is-iterable" "^0.1.0-preview.3"
    "@aws-sdk/protocol-timestamp" "^0.1.0-preview.7"
    "@aws-sdk/response-metadata-extractor" "^0.1.0-preview.8"
    "@aws-sdk/types" "^0.1.0-preview.7"
    "@aws-sdk/util-error-constructor" "^0.1.0-preview.7"
    "@aws-sdk/util-uri-escape" "^0.1.0-preview.3"
    "tslib" "^1.8.0"

"@aws-sdk/protocol-timestamp@^0.1.0-preview.7":
  "integrity" "sha512-ObO202v456/S6Ckhlu844KBXN9toFTPt8zzrJpESzntVXIaidDECetd120/xToycYmICinvAYH9o1E2l6VlCRQ=="
  "resolved" "https://registry.npmjs.org/@aws-sdk/protocol-timestamp/-/protocol-timestamp-0.1.0-preview.7.tgz"
  "version" "0.1.0-preview.7"
  dependencies:
    "@aws-sdk/types" "^0.1.0-preview.7"
    "tslib" "^1.8.0"

"@aws-sdk/query-error-unmarshaller@^0.1.0-preview.5":
  "integrity" "sha512-41lNT9delFhOss5H3eoi/2wYLYFuVqLXutRb5ZM5VvdhE4ZG+L8oE8HM0LSwQBttQFHaZcjdx3x3n9EVatSuCw=="
  "resolved" "https://registry.npmjs.org/@aws-sdk/query-error-unmarshaller/-/query-error-unmarshaller-0.1.0-preview.8.tgz"
  "version" "0.1.0-preview.8"
  dependencies:
    "@aws-sdk/response-metadata-extractor" "^0.1.0-preview.8"
    "@aws-sdk/types" "^0.1.0-preview.7"
    "@aws-sdk/util-error-constructor" "^0.1.0-preview.7"
    "tslib" "^1.8.0"

"@aws-sdk/querystring-builder@^0.1.0-preview.7":
  "integrity" "sha512-U2d9CYTwnF4/Qc8XXFmCdRzcApTmwEXLyHUcjK2/GaOHKkHDAeIC94+cuP+H3nDjCjb3TdKV2xrl/wzuP0YBrg=="
  "resolved" "https://registry.npmjs.org/@aws-sdk/querystring-builder/-/querystring-builder-0.1.0-preview.7.tgz"
  "version" "0.1.0-preview.7"
  dependencies:
    "@aws-sdk/types" "^0.1.0-preview.7"
    "@aws-sdk/util-uri-escape" "^0.1.0-preview.3"
    "tslib" "^1.8.0"

"@aws-sdk/querystring-parser@^0.1.0-preview.7":
  "integrity" "sha512-r72E/wZYrhTXTK950Ld/L2Loso/HDqExQkIuCn1Pu8Rx0+uC3Y8fQTx+JZd5M5kOniCpGKdHWGc7y/bH/tjH4A=="
  "resolved" "https://registry.npmjs.org/@aws-sdk/querystring-parser/-/querystring-parser-0.1.0-preview.7.tgz"
  "version" "0.1.0-preview.7"
  dependencies:
    "@aws-sdk/types" "^0.1.0-preview.7"
    "tslib" "^1.8.0"

"@aws-sdk/region-provider@^0.1.0-preview.4":
  "integrity" "sha512-n+LeuQYPYbCyfCboz9mmYqcPPKdmdd60KPbPeRqSdJYr9QZz9hWU962oCOl5EtLYIsUzy7Fm33APv6toEcAPVw=="
  "resolved" "https://registry.npmjs.org/@aws-sdk/region-provider/-/region-provider-0.1.0-preview.7.tgz"
  "version" "0.1.0-preview.7"
  dependencies:
    "@aws-sdk/property-provider" "^0.1.0-preview.7"
    "@aws-sdk/shared-ini-file-loader" "^0.1.0-preview.3"
    "@aws-sdk/types" "^0.1.0-preview.7"
    "tslib" "^1.8.0"

"@aws-sdk/response-metadata-extractor@^0.1.0-preview.5", "@aws-sdk/response-metadata-extractor@^0.1.0-preview.8":
  "integrity" "sha512-c5aJGYDiEwWqYpsROCqrmR60d0yeVdvRtzMptcpCI95BvIizS3hTc+PfuOq3Gcz7L+EQysbzQyqZutCJ/zLbew=="
  "resolved" "https://registry.npmjs.org/@aws-sdk/response-metadata-extractor/-/response-metadata-extractor-0.1.0-preview.8.tgz"
  "version" "0.1.0-preview.8"
  dependencies:
    "@aws-sdk/types" "^0.1.0-preview.7"
    "tslib" "^1.8.0"

"@aws-sdk/retry-middleware@^0.1.0-preview.4":
  "integrity" "sha512-ULiq+dffOPurjyHm95PYWi1Cy27LQg9jPwLz5tiL7oIla/j9b5bcclZE3n0RtqbHDUvWJL5kxmYw0Kjrggr5iw=="
  "resolved" "https://registry.npmjs.org/@aws-sdk/retry-middleware/-/retry-middleware-0.1.0-preview.7.tgz"
  "version" "0.1.0-preview.7"
  dependencies:
    "@aws-sdk/service-error-classification" "^0.1.0-preview.3"
    "@aws-sdk/types" "^0.1.0-preview.7"
    "tslib" "^1.8.0"

"@aws-sdk/s3-error-unmarshaller@^0.1.0-preview.2":
  "integrity" "sha512-3A6FUzFwGe34+1l8daxXaiTymZmb1LvVXNM+aapfJqRCM80vfbTEf+pzefIHCJAOhTCaSyhtkrs07iOpj3L1nw=="
  "resolved" "https://registry.npmjs.org/@aws-sdk/s3-error-unmarshaller/-/s3-error-unmarshaller-0.1.0-preview.2.tgz"
  "version" "0.1.0-preview.2"
  dependencies:
    "@aws-sdk/response-metadata-extractor" "^0.1.0-preview.5"
    "@aws-sdk/types" "^0.1.0-preview.4"
    "@aws-sdk/util-error-constructor" "^0.1.0-preview.4"
    "tslib" "^1.8.0"

"@aws-sdk/service-error-classification@^0.1.0-preview.3":
  "integrity" "sha512-3TXwADJL+HGOWyqdwx+pOdwr8L8LGbdxwHR0D05PP3skY+TP34F3ye2DJlyCll4S9vYzf9GlSbwJWviN9Sujrw=="
  "resolved" "https://registry.npmjs.org/@aws-sdk/service-error-classification/-/service-error-classification-0.1.0-preview.3.tgz"
  "version" "0.1.0-preview.3"

"@aws-sdk/shared-ini-file-loader@^0.1.0-preview.3":
  "integrity" "sha512-1wuV2YpZm+sW4AZa7CBD3A3b7+vSHX0DWBgGaENYdqC+MUEl6lD57ZOUGLryPq5xv/tQfy8BC7QT+qDNHElcuw=="
  "resolved" "https://registry.npmjs.org/@aws-sdk/shared-ini-file-loader/-/shared-ini-file-loader-0.1.0-preview.3.tgz"
  "version" "0.1.0-preview.3"
  dependencies:
    "tslib" "^1.8.0"

"@aws-sdk/signature-v4@^0.1.0-preview.10", "@aws-sdk/signature-v4@^0.1.0-preview.5":
  "integrity" "sha512-cehCmWlWc16d1mn1tdG1cLdLUiKWHSVSAIiDRCyUS/ryZNduFHivYMyARvuQKEBXILlQari0e6RRuzTFXaAjlA=="
  "resolved" "https://registry.npmjs.org/@aws-sdk/signature-v4/-/signature-v4-0.1.0-preview.10.tgz"
  "version" "0.1.0-preview.10"
  dependencies:
    "@aws-sdk/is-array-buffer" "^0.1.0-preview.3"
    "@aws-sdk/protocol-timestamp" "^0.1.0-preview.7"
    "@aws-sdk/types" "^0.1.0-preview.7"
    "@aws-sdk/util-hex-encoding" "^0.1.0-preview.3"
    "tslib" "^1.8.0"

"@aws-sdk/signing-middleware@^0.1.0-preview.5":
  "integrity" "sha512-aKyPNr41JuOhl3QGqGp+XSerwPRbkG/TzBHiNsRX/0EeB1ZyxZ2cckhssswL3k4lvEBPQS0SqnGi2FHXozyOvw=="
  "resolved" "https://registry.npmjs.org/@aws-sdk/signing-middleware/-/signing-middleware-0.1.0-preview.10.tgz"
  "version" "0.1.0-preview.10"
  dependencies:
    "@aws-sdk/signature-v4" "^0.1.0-preview.10"
    "@aws-sdk/types" "^0.1.0-preview.7"
    "tslib" "^1.8.0"

"@aws-sdk/ssec-middleware@^0.1.0-preview.4":
  "integrity" "sha512-vDxnda94Wp2M1RXQXPJYedDwNt9sAN2j+N6QvDpwOZ2G2qEVLOvkPPTEz2GwzU6dTQY3HSd/Psomz+9OeamWtA=="
  "resolved" "https://registry.npmjs.org/@aws-sdk/ssec-middleware/-/ssec-middleware-0.1.0-preview.8.tgz"
  "version" "0.1.0-preview.8"
  dependencies:
    "@aws-sdk/types" "^0.1.0-preview.7"
    "tslib" "^1.8.0"

"@aws-sdk/stream-collector-node@^0.1.0-preview.4":
  "integrity" "sha512-aXVMbx9lMd+AsmTpn4egsIJ/ZAkd6cWkhv8y3sL/Fwlyl0U7tfV4EzTEDZFvAta+MG+wB8fPhz9d7bfyQOk/xQ=="
  "resolved" "https://registry.npmjs.org/@aws-sdk/stream-collector-node/-/stream-collector-node-0.1.0-preview.9.tgz"
  "version" "0.1.0-preview.9"
  dependencies:
    "@aws-sdk/types" "^0.1.0-preview.7"
    "tslib" "^1.8.0"

"@aws-sdk/types@^0.1.0-preview.4", "@aws-sdk/types@^0.1.0-preview.7":
  "integrity" "sha512-gpyU8N9XEs8diE4uW9B6/hjKDrB/c4a1GF4ICwkaGYpXrbJy9QLrEU8Hk4rC6P1l++YYyJKMl7RjMmTyBtNOzw=="
  "resolved" "https://registry.npmjs.org/@aws-sdk/types/-/types-0.1.0-preview.7.tgz"
  "version" "0.1.0-preview.7"

"@aws-sdk/url-parser-node@^0.1.0-preview.4":
  "integrity" "sha512-h8YwL+mLTBPNzryREkLChhtRSdz70tOR9y/UB6PATGKoJbMUFoTsDY1jbJ4WWBfdKjphZy9xVWTyxoCkP07tQQ=="
  "resolved" "https://registry.npmjs.org/@aws-sdk/url-parser-node/-/url-parser-node-0.1.0-preview.8.tgz"
  "version" "0.1.0-preview.8"
  dependencies:
    "@aws-sdk/querystring-parser" "^0.1.0-preview.7"
    "@aws-sdk/types" "^0.1.0-preview.7"
    "tslib" "^1.8.0"

"@aws-sdk/util-base64-node@^0.1.0-preview.2":
  "integrity" "sha512-L9O3lMWB7y2xVIgg/nSJ7xZLVFmxMCk1maaup3CoL5USLqB7n7ngpf/WAH2LyhaGo8Og8TrAKt4BizpxbZU7wg=="
  "resolved" "https://registry.npmjs.org/@aws-sdk/util-base64-node/-/util-base64-node-0.1.0-preview.4.tgz"
  "version" "0.1.0-preview.4"
  dependencies:
    "@aws-sdk/util-buffer-from" "^0.1.0-preview.3"
    "tslib" "^1.8.0"

"@aws-sdk/util-body-length-node@^0.1.0-preview.3":
  "integrity" "sha512-ZmqB7E/RizTe8ajxLyXdshoyzQg47CAkbnCK7yRE4A9N7XMEUgzyFVXuKT08DmbAwYSYWI5jaUwm3jpMKqG+bw=="
  "resolved" "https://registry.npmjs.org/@aws-sdk/util-body-length-node/-/util-body-length-node-0.1.0-preview.5.tgz"
  "version" "0.1.0-preview.5"
  dependencies:
    "tslib" "^1.8.0"

"@aws-sdk/util-buffer-from@^0.1.0-preview.3":
  "integrity" "sha512-n78cUmI1SbluJgTgyqp24GgNQ3A5NUGB4rwRAoID7k7JpsiNJUWTXkijl3hxfNov2sEjMWvdQIGvAF6F/Q2mfw=="
  "resolved" "https://registry.npmjs.org/@aws-sdk/util-buffer-from/-/util-buffer-from-0.1.0-preview.3.tgz"
  "version" "0.1.0-preview.3"
  dependencies:
    "@aws-sdk/is-array-buffer" "^0.1.0-preview.3"
    "tslib" "^1.8.0"

"@aws-sdk/util-error-constructor@^0.1.0-preview.4", "@aws-sdk/util-error-constructor@^0.1.0-preview.7":
  "integrity" "sha512-sb8gruiOadl0YXG2yn0EMBkB/Oy/7y4mt8Wfl7G3crvWXcHtD7flbW7wjbFiMcQU91vi5sTaZ56hwvDA9lu0ug=="
  "resolved" "https://registry.npmjs.org/@aws-sdk/util-error-constructor/-/util-error-constructor-0.1.0-preview.7.tgz"
  "version" "0.1.0-preview.7"
  dependencies:
    "@aws-sdk/types" "^0.1.0-preview.7"
    "tslib" "^1.8.0"

"@aws-sdk/util-hex-encoding@^0.1.0-preview.3":
  "integrity" "sha512-X/Qq5e2H4/EQ0WEwWUiSxGbFARk7IKZpa+E4pzQm49sxS2omVsvuphcr4yYJq4SZKEtuB2w2nHMr7NmGlWt4Xg=="
  "resolved" "https://registry.npmjs.org/@aws-sdk/util-hex-encoding/-/util-hex-encoding-0.1.0-preview.3.tgz"
  "version" "0.1.0-preview.3"
  dependencies:
    "tslib" "^1.8.0"

"@aws-sdk/util-uri-escape@^0.1.0-preview.3":
  "integrity" "sha512-axArIOq8+2PKjY9Fz+LKfCY127rjWQD50F1DAhCC0BV3mrG0OlhcQ8uKaNfMXVrveTqT+QYvrpTsrziHYjjTQw=="
  "resolved" "https://registry.npmjs.org/@aws-sdk/util-uri-escape/-/util-uri-escape-0.1.0-preview.3.tgz"
  "version" "0.1.0-preview.3"
  dependencies:
    "tslib" "^1.8.0"

"@aws-sdk/util-user-agent-node@^0.1.0-preview.5":
  "integrity" "sha512-hYL9XCLkxDEG60XbwXG2fvIYwi9vFHw9Em6OPMz3sh3Y4er7KJxOwuCYJV+kccREY35e1TGblbOARFczwD7U0w=="
  "resolved" "https://registry.npmjs.org/@aws-sdk/util-user-agent-node/-/util-user-agent-node-0.1.0-preview.10.tgz"
  "version" "0.1.0-preview.10"
  dependencies:
    "@aws-sdk/types" "^0.1.0-preview.7"
    "tslib" "^1.8.0"

"@aws-sdk/util-utf8-node@^0.1.0-preview.2":
  "integrity" "sha512-FxIWpC4LdKiJgJgiaLWMdZY/DbreSIRgVGO9cOlV5fI59KdN+2Aqb6sLnlp7yVbo2hiL0Hlcv7fcf4MEtELn0g=="
  "resolved" "https://registry.npmjs.org/@aws-sdk/util-utf8-node/-/util-utf8-node-0.1.0-preview.4.tgz"
  "version" "0.1.0-preview.4"
  dependencies:
    "@aws-sdk/util-buffer-from" "^0.1.0-preview.3"
    "tslib" "^1.8.0"

"@aws-sdk/xml-body-builder@^0.1.0-preview.4":
  "integrity" "sha512-4LNn5CONVhIWq3+wUWwfsSOncs9Ges8NKD9cf6pTN/VaqBcVGiFo3L0PoHLk143RTBxIsqmkY2VhVlNl5XsQSA=="
  "resolved" "https://registry.npmjs.org/@aws-sdk/xml-body-builder/-/xml-body-builder-0.1.0-preview.7.tgz"
  "version" "0.1.0-preview.7"
  dependencies:
    "@aws-sdk/is-iterable" "^0.1.0-preview.3"
    "@aws-sdk/protocol-timestamp" "^0.1.0-preview.7"
    "@aws-sdk/types" "^0.1.0-preview.7"
    "@aws-sdk/xml-builder" "^0.1.0-preview.3"
    "tslib" "^1.8.0"

"@aws-sdk/xml-body-parser@^0.1.0-preview.5":
  "integrity" "sha512-MdRXPxuK27258zlPmfSFgLZ5ljTC7AvMq+J8Hkr6/s4iFeQJjzxXHCmRJ7r/9maUQ0LV8VXDw6khxIQdHKMWAA=="
  "resolved" "https://registry.npmjs.org/@aws-sdk/xml-body-parser/-/xml-body-parser-0.1.0-preview.9.tgz"
  "version" "0.1.0-preview.9"
  dependencies:
    "@aws-sdk/protocol-timestamp" "^0.1.0-preview.7"
    "@aws-sdk/types" "^0.1.0-preview.7"
    "tslib" "^1.8.0"

"@aws-sdk/xml-builder@^0.1.0-preview.3":
  "integrity" "sha512-TwahSQDyO0yjiY2GXSDw2f4FP6lgj8LaR/MtmjAHZeP6M8dw5ma08R2pLI5CV+paNIACnnnmRuSW2Dmj0c/jOQ=="
  "resolved" "https://registry.npmjs.org/@aws-sdk/xml-builder/-/xml-builder-0.1.0-preview.3.tgz"
  "version" "0.1.0-preview.3"
  dependencies:
    "tslib" "^1.8.0"

"@types/node-dir@^0.0.33":
  "integrity" "sha512-JgxG9amjYXxv5gMVeJT3Ye6gT7bsrW4fDiP1T/p52EfWKDkCdURsR0UvgCda0HIGedL/BYJm1ykonLb32Wjusw=="
  "resolved" "https://registry.npmjs.org/@types/node-dir/-/node-dir-0.0.33.tgz"
  "version" "0.0.33"
  dependencies:
    "@types/node" "*"

"@types/node@*", "@types/node@^14.11.2":
  "integrity" "sha512-jiE3QIxJ8JLNcb1Ps6rDbysDhN4xa8DJJvuC9prr6w+1tIh+QAbYyNF3tyiZNLDBIuBCf4KEcV2UvQm/V60xfA=="
  "resolved" "https://registry.npmjs.org/@types/node/-/node-14.11.2.tgz"
  "version" "14.11.2"

"arg@^4.1.0":
  "integrity" "sha512-58S9QDqG0Xx27YwPSt9fJxivjYl432YCwfDMfZ+71RAqUrZef7LrKQZ3LHLOwCS4FLNBplP533Zx895SeOCHvA=="
  "resolved" "https://registry.npmjs.org/arg/-/arg-4.1.3.tgz"
  "version" "4.1.3"

"balanced-match@^1.0.0":
  "integrity" "sha1-ibTRmasr7kneFk6gK4nORi1xt2c= sha512-9Y0g0Q8rmSt+H33DfKv7FOc3v+iRI+o1lbzt8jGcIosYW37IIW/2XVYq5NPdmaD5NQ59Nk26Kl/vZbwW9Fr8vg=="
  "resolved" "https://registry.npmjs.org/balanced-match/-/balanced-match-1.0.0.tgz"
  "version" "1.0.0"

"brace-expansion@^1.1.7":
  "integrity" "sha512-iCuPHDFgrHX7H2vEI/5xpz07zSHB00TpugqhmYtVmMO6518mCuRMoOYFldEBl0g187ufozdaHgWKcYFb61qGiA=="
  "resolved" "https://registry.npmjs.org/brace-expansion/-/brace-expansion-1.1.11.tgz"
  "version" "1.1.11"
  dependencies:
    "balanced-match" "^1.0.0"
    "concat-map" "0.0.1"

"buffer-from@^1.0.0":
  "integrity" "sha512-MQcXEUbCKtEo7bhqEs6560Hyd4XaovZlO/k9V3hjVUF/zwW7KBVdSK4gIt/bzwS9MbR5qob+F5jusZsb0YQK2A=="
  "resolved" "https://registry.npmjs.org/buffer-from/-/buffer-from-1.1.1.tgz"
  "version" "1.1.1"

"concat-map@0.0.1":
  "integrity" "sha1-2Klr13/Wjfd5OnMDajug1UBdR3s= sha512-/Srv4dswyQNBfohGpz9o6Yb3Gz3SrUDqBH5rTuhGR7ahtlbYKnVxw2bCFMRljaA7EXHaXZ8wsHdodFvbkhKmqg=="
  "resolved" "https://registry.npmjs.org/concat-map/-/concat-map-0.0.1.tgz"
  "version" "0.0.1"

"diff@^4.0.1":
  "integrity" "sha512-58lmxKSA4BNyLz+HHMUzlOEpg09FV+ev6ZMe3vJihgdxzgcwZ8VoEEPmALCZG9LmqfVoNMMKpttIYTVG6uDY7A=="
  "resolved" "https://registry.npmjs.org/diff/-/diff-4.0.2.tgz"
  "version" "4.0.2"

"hasha@^5.2.1":
  "integrity" "sha512-x15jnRSHTi3VmH+oHtVb9kgU/HuKOK8mjK8iCL3dPQXh4YJlUb9YSI8ZLiiqLAIvY2wuDIlZYZppy8vB2XISkQ=="
  "resolved" "https://registry.npmjs.org/hasha/-/hasha-5.2.1.tgz"
  "version" "5.2.1"
  dependencies:
    "is-stream" "^2.0.0"
    "type-fest" "^0.8.0"

"is-stream@^2.0.0":
  "integrity" "sha512-XCoy+WlUr7d1+Z8GgSuXmpuUFC9fOhRXglJMx+dwLKTkL44Cjd4W1Z5P+BQZpr+cR93aGP4S/s7Ftw6Nd/kiEw=="
  "resolved" "https://registry.npmjs.org/is-stream/-/is-stream-2.0.0.tgz"
  "version" "2.0.0"

"make-error@^1.1.1":
  "integrity" "sha512-s8UhlNe7vPKomQhC1qFelMokr/Sc3AgNbso3n74mVPA5LTZwkB9NlXf4XPamLxJE8h0gh73rM94xvwRT2CVInw=="
  "resolved" "https://registry.npmjs.org/make-error/-/make-error-1.3.6.tgz"
  "version" "1.3.6"

"minimatch@^3.0.2":
  "integrity" "sha512-yJHVQEhyqPLUTgt9B83PXu6W3rx4MvvHvSUvToogpwoGDOUQ+yDrR0HRot+yOCdCO7u4hX3pWft6kWBBcqh0UA=="
  "resolved" "https://registry.npmjs.org/minimatch/-/minimatch-3.0.4.tgz"
  "version" "3.0.4"
  dependencies:
    "brace-expansion" "^1.1.7"

"node-dir@^0.1.17":
  "integrity" "sha1-X1Zl2TNRM1yqvvjxxVRRbPXx5OU= sha512-tmPX422rYgofd4epzrNoOXiE8XFZYOcCq1vD7MAXCDO+O+zndlA2ztdKKMa+EeuBG5tHETpr4ml4RGgpqDCCAg=="
  "resolved" "https://registry.npmjs.org/node-dir/-/node-dir-0.1.17.tgz"
  "version" "0.1.17"
  dependencies:
    "minimatch" "^3.0.2"

"p-limit@^3.0.2":
  "integrity" "sha512-iwqZSOoWIW+Ew4kAGUlN16J4M7OB3ysMLSZtnhmqx7njIHFPlxWBX8xo3lVTyFVq6mI/lL9qt2IsN1sHwaxJkg=="
  "resolved" "https://registry.npmjs.org/p-limit/-/p-limit-3.0.2.tgz"
  "version" "3.0.2"
  dependencies:
    "p-try" "^2.0.0"

"p-try@^2.0.0":
  "integrity" "sha512-R4nPAVTAU0B9D35/Gk3uJf/7XYbQcyohSKdvAxIRSNghFl4e71hVoGnBNQz9cWaXxO2I10KTC+3jMdvvoKw6dQ=="
  "resolved" "https://registry.npmjs.org/p-try/-/p-try-2.2.0.tgz"
  "version" "2.2.0"

"source-map-support@^0.5.17":
  "integrity" "sha512-Wonm7zOCIJzBGQdB+thsPar0kYuCIzYvxZwlBa87yi/Mdjv7Tip2cyVbLj5o0cFPN4EVkuTwb3GDDyUx2DGnGw=="
  "resolved" "https://registry.npmjs.org/source-map-support/-/source-map-support-0.5.19.tgz"
  "version" "0.5.19"
  dependencies:
    "buffer-from" "^1.0.0"
    "source-map" "^0.6.0"

"source-map@^0.6.0":
  "integrity" "sha512-UjgapumWlbMhkBgzT7Ykc5YXUT46F0iKu8SGXq0bcwP5dz/h0Plj6enJqjz1Zbq2l5WaqYnrVbwWOWMyF3F47g=="
  "resolved" "https://registry.npmjs.org/source-map/-/source-map-0.6.1.tgz"
  "version" "0.6.1"

"ts-node@^8.10.0":
  "integrity" "sha512-ISJJGgkIpDdBhWVu3jufsWpK3Rzo7bdiIXJjQc0ynKxVOVcg2oIrf2H2cejminGrptVc6q6/uynAHNCuWGbpVA=="
  "resolved" "https://registry.npmjs.org/ts-node/-/ts-node-8.10.2.tgz"
  "version" "8.10.2"
  dependencies:
    "arg" "^4.1.0"
    "diff" "^4.0.1"
    "make-error" "^1.1.1"
    "source-map-support" "^0.5.17"
    "yn" "3.1.1"

"tslib@^1.8.0":
  "integrity" "sha512-i/6DQjL8Xf3be4K/E6Wgpekn5Qasl1usyw++dAA35Ue5orEn65VIxOA+YvNNl9HV3qv70T7CNwjODHZrLwvd1Q=="
  "resolved" "https://registry.npmjs.org/tslib/-/tslib-1.13.0.tgz"
  "version" "1.13.0"

"type-fest@^0.8.0":
  "integrity" "sha512-4dbzIzqvjtgiM5rw1k5rEHtBANKmdudhGyBEajN01fEyhaAIhsoKNy6y7+IN93IfpFtwY9iqi7kD+xwKhQsNJA=="
  "resolved" "https://registry.npmjs.org/type-fest/-/type-fest-0.8.1.tgz"
  "version" "0.8.1"

"typescript@^3.8.3", "typescript@>=2.7":
  "integrity" "sha512-BLbiRkiBzAwsjut4x/dsibSTB6yWpwT5qWmC2OfuCg3GgVQCSgMs4vEctYPhsaGtd0AeuuHMkjZ2h2WG8MSzRw=="
  "resolved" "https://registry.npmjs.org/typescript/-/typescript-3.9.7.tgz"
  "version" "3.9.7"

"yn@3.1.1":
  "integrity" "sha512-Ux4ygGWsu2c7isFWe8Yu1YluJmqVhxqK2cLXNQA5AcC3QfbGNpM7fu0Y8b/z16pXLnFxZYvWhd3fhBY9DLmC6Q=="
  "resolved" "https://registry.npmjs.org/yn/-/yn-3.1.1.tgz"
  "version" "3.1.1"
